
Microsoft Visual Studio Solution File, Format Version 12.00
# Visual Studio Version 17
VisualStudioVersion = 17.6.33829.357
MinimumVisualStudioVersion = 10.0.40219.1
Project("{FAE04EC0-301F-11D3-BF4B-00C04F79EFBC}") = "Source", "Source\Source.csproj", "{953473DE-588C-4D28-8AB3-C4CECD4A6338}"
EndProject
Global
	GlobalSection(SolutionConfigurationPlatforms) = preSolution
		Debug|Any CPU = Debug|Any CPU
		Release|Any CPU = Release|Any CPU
	EndGlobalSection
	GlobalSection(ProjectConfigurationPlatforms) = postSolution
		{953473DE-588C-4D28-8AB3-C4CECD4A6338}.Debug|Any CPU.ActiveCfg = Debug|Any CPU
		{953473DE-588C-4D28-8AB3-C4CECD4A6338}.Debug|Any CPU.Build.0 = Debug|Any CPU
		{953473DE-588C-4D28-8AB3-C4CECD4A6338}.Release|Any CPU.ActiveCfg = Release|Any CPU
		{953473DE-588C-4D28-8AB3-C4CECD4A6338}.Release|Any CPU.Build.0 = Release|Any CPU
	EndGlobalSection
	GlobalSection(SolutionProperties) = preSolution
		HideSolutionNode = FALSE
	EndGlobalSection
	GlobalSection(ExtensibilityGlobals) = postSolution
		SolutionGuid = {52D87A0E-6ABB-4BEE-9EFD-AA2A3231C6A2}
	EndGlobalSection
EndGlobal
